
Microsoft Visual Studio Solution File, Format Version 12.00
# Visual Studio 2013
VisualStudioVersion = 12.0.21005.1
MinimumVisualStudioVersion = 10.0.40219.1
Project("{FAE04EC0-301F-11D3-BF4B-00C04F79EFBC}") = "Clutch", "Clutch\Clutch.csproj", "{D7065CE5-9577-46CE-866A-C0BD9087E2FD}"
EndProject
Project("{FAE04EC0-301F-11D3-BF4B-00C04F79EFBC}") = "Clutch.Tests", "Clutch.Tests\Clutch.Tests.csproj", "{667DD06B-FEC6-44B7-9072-ABD3EB11A3EE}"
EndProject
Global
	GlobalSection(SolutionConfigurationPlatforms) = preSolution
		Debug|Any CPU = Debug|Any CPU
		Release|Any CPU = Release|Any CPU
	EndGlobalSection
	GlobalSection(ProjectConfigurationPlatforms) = postSolution
		{D7065CE5-9577-46CE-866A-C0BD9087E2FD}.Debug|Any CPU.ActiveCfg = Debug|Any CPU
		{D7065CE5-9577-46CE-866A-C0BD9087E2FD}.Debug|Any CPU.Build.0 = Debug|Any CPU
		{D7065CE5-9577-46CE-866A-C0BD9087E2FD}.Release|Any CPU.ActiveCfg = Release|Any CPU
		{D7065CE5-9577-46CE-866A-C0BD9087E2FD}.Release|Any CPU.Build.0 = Release|Any CPU
		{667DD06B-FEC6-44B7-9072-ABD3EB11A3EE}.Debug|Any CPU.ActiveCfg = Debug|Any CPU
		{667DD06B-FEC6-44B7-9072-ABD3EB11A3EE}.Debug|Any CPU.Build.0 = Debug|Any CPU
		{667DD06B-FEC6-44B7-9072-ABD3EB11A3EE}.Release|Any CPU.ActiveCfg = Release|Any CPU
		{667DD06B-FEC6-44B7-9072-ABD3EB11A3EE}.Release|Any CPU.Build.0 = Release|Any CPU
	EndGlobalSection
	GlobalSection(SolutionProperties) = preSolution
		HideSolutionNode = FALSE
	EndGlobalSection
EndGlobal
